
Microsoft Visual Studio Solution File, Format Version 12.00
# Visual Studio Version 16
VisualStudioVersion = 16.0.32407.337
MinimumVisualStudioVersion = 10.0.40219.1
Project("{FAE04EC0-301F-11D3-BF4B-00C04F79EFBC}") = "Entities", "Entities\Entities.csproj", "{2D6180D6-B260-433C-989B-996EE2283D49}"
EndProject
Project("{FAE04EC0-301F-11D3-BF4B-00C04F79EFBC}") = "DataAccess", "DataAccess\DataAccess.csproj", "{764F4111-D919-430E-BA0F-4CB7F1830551}"
EndProject
Project("{FAE04EC0-301F-11D3-BF4B-00C04F79EFBC}") = "Core", "Core\Core.csproj", "{066DA329-1D90-4497-A52B-06435C58DD69}"
EndProject
Project("{FAE04EC0-301F-11D3-BF4B-00C04F79EFBC}") = "Business", "Business\Business.csproj", "{F70BB09C-DA82-471E-89D2-3A8D1B8E781E}"
EndProject
Project("{FAE04EC0-301F-11D3-BF4B-00C04F79EFBC}") = "HospitalUI", "HospitalUI\HospitalUI.csproj", "{C5469CF1-2CC9-42E9-A8AC-510F29BBF64C}"
EndProject
Global
	GlobalSection(SolutionConfigurationPlatforms) = preSolution
		Debug|Any CPU = Debug|Any CPU
		Release|Any CPU = Release|Any CPU
	EndGlobalSection
	GlobalSection(ProjectConfigurationPlatforms) = postSolution
		{2D6180D6-B260-433C-989B-996EE2283D49}.Debug|Any CPU.ActiveCfg = Debug|Any CPU
		{2D6180D6-B260-433C-989B-996EE2283D49}.Debug|Any CPU.Build.0 = Debug|Any CPU
		{2D6180D6-B260-433C-989B-996EE2283D49}.Release|Any CPU.ActiveCfg = Release|Any CPU
		{2D6180D6-B260-433C-989B-996EE2283D49}.Release|Any CPU.Build.0 = Release|Any CPU
		{764F4111-D919-430E-BA0F-4CB7F1830551}.Debug|Any CPU.ActiveCfg = Debug|Any CPU
		{764F4111-D919-430E-BA0F-4CB7F1830551}.Debug|Any CPU.Build.0 = Debug|Any CPU
		{764F4111-D919-430E-BA0F-4CB7F1830551}.Release|Any CPU.ActiveCfg = Release|Any CPU
		{764F4111-D919-430E-BA0F-4CB7F1830551}.Release|Any CPU.Build.0 = Release|Any CPU
		{066DA329-1D90-4497-A52B-06435C58DD69}.Debug|Any CPU.ActiveCfg = Debug|Any CPU
		{066DA329-1D90-4497-A52B-06435C58DD69}.Debug|Any CPU.Build.0 = Debug|Any CPU
		{066DA329-1D90-4497-A52B-06435C58DD69}.Release|Any CPU.ActiveCfg = Release|Any CPU
		{066DA329-1D90-4497-A52B-06435C58DD69}.Release|Any CPU.Build.0 = Release|Any CPU
		{F70BB09C-DA82-471E-89D2-3A8D1B8E781E}.Debug|Any CPU.ActiveCfg = Debug|Any CPU
		{F70BB09C-DA82-471E-89D2-3A8D1B8E781E}.Debug|Any CPU.Build.0 = Debug|Any CPU
		{F70BB09C-DA82-471E-89D2-3A8D1B8E781E}.Release|Any CPU.ActiveCfg = Release|Any CPU
		{F70BB09C-DA82-471E-89D2-3A8D1B8E781E}.Release|Any CPU.Build.0 = Release|Any CPU
		{C5469CF1-2CC9-42E9-A8AC-510F29BBF64C}.Debug|Any CPU.ActiveCfg = Debug|Any CPU
		{C5469CF1-2CC9-42E9-A8AC-510F29BBF64C}.Debug|Any CPU.Build.0 = Debug|Any CPU
		{C5469CF1-2CC9-42E9-A8AC-510F29BBF64C}.Release|Any CPU.ActiveCfg = Release|Any CPU
		{C5469CF1-2CC9-42E9-A8AC-510F29BBF64C}.Release|Any CPU.Build.0 = Release|Any CPU
	EndGlobalSection
	GlobalSection(SolutionProperties) = preSolution
		HideSolutionNode = FALSE
	EndGlobalSection
	GlobalSection(ExtensibilityGlobals) = postSolution
		SolutionGuid = {FEEC3D89-1F0A-40D6-A0A9-0F0344930AE1}
	EndGlobalSection
EndGlobal
